
Microsoft Visual Studio Solution File, Format Version 12.00
# Visual Studio Version 17
VisualStudioVersion = 17.14.36121.58 d17.14
MinimumVisualStudioVersion = 10.0.40219.1
Project("{FAE04EC0-301F-11D3-BF4B-00C04F79EFBC}") = "CadastroClientesWeb", "CadastroClientesWeb\CadastroClientesWeb.csproj", "{E986700F-98C4-418C-BE42-3B4ABC459184}"
EndProject
Global
	GlobalSection(SolutionConfigurationPlatforms) = preSolution
		Debug|Any CPU = Debug|Any CPU
		Release|Any CPU = Release|Any CPU
	EndGlobalSection
	GlobalSection(ProjectConfigurationPlatforms) = postSolution
		{E986700F-98C4-418C-BE42-3B4ABC459184}.Debug|Any CPU.ActiveCfg = Debug|Any CPU
		{E986700F-98C4-418C-BE42-3B4ABC459184}.Debug|Any CPU.Build.0 = Debug|Any CPU
		{E986700F-98C4-418C-BE42-3B4ABC459184}.Release|Any CPU.ActiveCfg = Release|Any CPU
		{E986700F-98C4-418C-BE42-3B4ABC459184}.Release|Any CPU.Build.0 = Release|Any CPU
	EndGlobalSection
	GlobalSection(SolutionProperties) = preSolution
		HideSolutionNode = FALSE
	EndGlobalSection
	GlobalSection(ExtensibilityGlobals) = postSolution
		SolutionGuid = {3236AFE3-44C2-4A54-8342-6CD3D5C22771}
	EndGlobalSection
EndGlobal
